// !$*UTF8*$!
{
	archiveVersion = 1;
	classes = {
	};
	objectVersion = 55;
	objects = {

/* Begin PBXBuildFile section */
		EA71E749277DA2C9002D6F6B /* FirebaseAnalytics in Frameworks */ = {isa = PBXBuildFile; productRef = EA71E748277DA2C9002D6F6B /* FirebaseAnalytics */; };
		EA71E74B277DA2C9002D6F6B /* FirebaseAuth in Frameworks */ = {isa = PBXBuildFile; productRef = EA71E74A277DA2C9002D6F6B /* FirebaseAuth */; };
		EA71E74D277DA2C9002D6F6B /* FirebaseDatabase in Frameworks */ = {isa = PBXBuildFile; productRef = EA71E74C277DA2C9002D6F6B /* FirebaseDatabase */; };
		EA71E74F277DA2C9002D6F6B /* FirebaseFirestore in Frameworks */ = {isa = PBXBuildFile; productRef = EA71E74E277DA2C9002D6F6B /* FirebaseFirestore */; };
		EA71E751277DA2C9002D6F6B /* FirebaseStorage in Frameworks */ = {isa = PBXBuildFile; productRef = EA71E750277DA2C9002D6F6B /* FirebaseStorage */; };
		EA71E753277DA522002D6F6B /* GoogleService-Info.plist in Resources */ = {isa = PBXBuildFile; fileRef = EA71E752277DA522002D6F6B /* GoogleService-Info.plist */; };
		EAA6F295277DE86100AA8156 /* DatabaseManager.swift in Sources */ = {isa = PBXBuildFile; fileRef = EAA6F294277DE86100AA8156 /* DatabaseManager.swift */; };
		EAE26DE4277C4D2000886C98 /* AppDelegate.swift in Sources */ = {isa = PBXBuildFile; fileRef = EAE26DE3277C4D2000886C98 /* AppDelegate.swift */; };
		EAE26DE6277C4D2000886C98 /* SceneDelegate.swift in Sources */ = {isa = PBXBuildFile; fileRef = EAE26DE5277C4D2000886C98 /* SceneDelegate.swift */; };
		EAE26DE8277C4D2000886C98 /* ConversationViewController.swift in Sources */ = {isa = PBXBuildFile; fileRef = EAE26DE7277C4D2000886C98 /* ConversationViewController.swift */; };
		EAE26DEB277C4D2000886C98 /* Main.storyboard in Resources */ = {isa = PBXBuildFile; fileRef = EAE26DE9277C4D2000886C98 /* Main.storyboard */; };
		EAE26DEE277C4D2000886C98 /* Chat.xcdatamodeld in Sources */ = {isa = PBXBuildFile; fileRef = EAE26DEC277C4D2000886C98 /* Chat.xcdatamodeld */; };
		EAE26DF0277C4D2100886C98 /* Assets.xcassets in Resources */ = {isa = PBXBuildFile; fileRef = EAE26DEF277C4D2100886C98 /* Assets.xcassets */; };
		EAE26DF3277C4D2100886C98 /* LaunchScreen.storyboard in Resources */ = {isa = PBXBuildFile; fileRef = EAE26DF1277C4D2100886C98 /* LaunchScreen.storyboard */; };
		EAE26E02277C51F400886C98 /* LoginViewController.swift in Sources */ = {isa = PBXBuildFile; fileRef = EAE26E01277C51F400886C98 /* LoginViewController.swift */; };
		EAE26E04277C51FF00886C98 /* RegisterViewController.swift in Sources */ = {isa = PBXBuildFile; fileRef = EAE26E03277C51FF00886C98 /* RegisterViewController.swift */; };
		EAE26E06277C521E00886C98 /* PhotoViewerViewController.swift in Sources */ = {isa = PBXBuildFile; fileRef = EAE26E05277C521E00886C98 /* PhotoViewerViewController.swift */; };
		EAE26E08277C523200886C98 /* VideoPlayerViewController.swift in Sources */ = {isa = PBXBuildFile; fileRef = EAE26E07277C523200886C98 /* VideoPlayerViewController.swift */; };
		EAE26E0A277C525700886C98 /* NewConversationViewController.swift in Sources */ = {isa = PBXBuildFile; fileRef = EAE26E09277C525700886C98 /* NewConversationViewController.swift */; };
		EAE26E0C277C526E00886C98 /* ProfileViewController.swift in Sources */ = {isa = PBXBuildFile; fileRef = EAE26E0B277C526E00886C98 /* ProfileViewController.swift */; };
		EAE26E0F277C66CB00886C98 /* Extentions.swift in Sources */ = {isa = PBXBuildFile; fileRef = EAE26E0E277C66CB00886C98 /* Extentions.swift */; };
/* End PBXBuildFile section */

/* Begin PBXFileReference section */
		EA71E752277DA522002D6F6B /* GoogleService-Info.plist */ = {isa = PBXFileReference; fileEncoding = 4; lastKnownFileType = text.plist.xml; path = "GoogleService-Info.plist"; sourceTree = "<group>"; };
		EAA6F294277DE86100AA8156 /* DatabaseManager.swift */ = {isa = PBXFileReference; lastKnownFileType = sourcecode.swift; path = DatabaseManager.swift; sourceTree = "<group>"; };
		EAE26DE0277C4D2000886C98 /* Chat.app */ = {isa = PBXFileReference; explicitFileType = wrapper.application; includeInIndex = 0; path = Chat.app; sourceTree = BUILT_PRODUCTS_DIR; };
		EAE26DE3277C4D2000886C98 /* AppDelegate.swift */ = {isa = PBXFileReference; lastKnownFileType = sourcecode.swift; path = AppDelegate.swift; sourceTree = "<group>"; };
		EAE26DE5277C4D2000886C98 /* SceneDelegate.swift */ = {isa = PBXFileReference; lastKnownFileType = sourcecode.swift; path = SceneDelegate.swift; sourceTree = "<group>"; };
		EAE26DE7277C4D2000886C98 /* ConversationViewController.swift */ = {isa = PBXFileReference; lastKnownFileType = sourcecode.swift; path = ConversationViewController.swift; sourceTree = "<group>"; };
		EAE26DEA277C4D2000886C98 /* Base */ = {isa = PBXFileReference; lastKnownFileType = file.storyboard; name = Base; path = Base.lproj/Main.storyboard; sourceTree = "<group>"; };
		EAE26DED277C4D2000886C98 /* Chat.xcdatamodel */ = {isa = PBXFileReference; lastKnownFileType = wrapper.xcdatamodel; path = Chat.xcdatamodel; sourceTree = "<group>"; };
		EAE26DEF277C4D2100886C98 /* Assets.xcassets */ = {isa = PBXFileReference; lastKnownFileType = folder.assetcatalog; path = Assets.xcassets; sourceTree = "<group>"; };
		EAE26DF2277C4D2100886C98 /* Base */ = {isa = PBXFileReference; lastKnownFileType = file.storyboard; name = Base; path = Base.lproj/LaunchScreen.storyboard; sourceTree = "<group>"; };
		EAE26DF4277C4D2100886C98 /* Info.plist */ = {isa = PBXFileReference; lastKnownFileType = text.plist.xml; path = Info.plist; sourceTree = "<group>"; };
		EAE26E01277C51F400886C98 /* LoginViewController.swift */ = {isa = PBXFileReference; lastKnownFileType = sourcecode.swift; path = LoginViewController.swift; sourceTree = "<group>"; };
		EAE26E03277C51FF00886C98 /* RegisterViewController.swift */ = {isa = PBXFileReference; lastKnownFileType = sourcecode.swift; path = RegisterViewController.swift; sourceTree = "<group>"; };
		EAE26E05277C521E00886C98 /* PhotoViewerViewController.swift */ = {isa = PBXFileReference; lastKnownFileType = sourcecode.swift; path = PhotoViewerViewController.swift; sourceTree = "<group>"; };
		EAE26E07277C523200886C98 /* VideoPlayerViewController.swift */ = {isa = PBXFileReference; lastKnownFileType = sourcecode.swift; path = VideoPlayerViewController.swift; sourceTree = "<group>"; };
		EAE26E09277C525700886C98 /* NewConversationViewController.swift */ = {isa = PBXFileReference; lastKnownFileType = sourcecode.swift; path = NewConversationViewController.swift; sourceTree = "<group>"; };
		EAE26E0B277C526E00886C98 /* ProfileViewController.swift */ = {isa = PBXFileReference; lastKnownFileType = sourcecode.swift; path = ProfileViewController.swift; sourceTree = "<group>"; };
		EAE26E0E277C66CB00886C98 /* Extentions.swift */ = {isa = PBXFileReference; lastKnownFileType = sourcecode.swift; path = Extentions.swift; sourceTree = "<group>"; };
/* End PBXFileReference section */

/* Begin PBXFrameworksBuildPhase section */
		EAE26DDD277C4D2000886C98 /* Frameworks */ = {
			isa = PBXFrameworksBuildPhase;
			buildActionMask = 2147483647;
			files = (
				EA71E74D277DA2C9002D6F6B /* FirebaseDatabase in Frameworks */,
				EA71E74F277DA2C9002D6F6B /* FirebaseFirestore in Frameworks */,
				EA71E749277DA2C9002D6F6B /* FirebaseAnalytics in Frameworks */,
				EA71E751277DA2C9002D6F6B /* FirebaseStorage in Frameworks */,
				EA71E74B277DA2C9002D6F6B /* FirebaseAuth in Frameworks */,
			);
			runOnlyForDeploymentPostprocessing = 0;
		};
/* End PBXFrameworksBuildPhase section */

/* Begin PBXGroup section */
		EAE26DD7277C4D2000886C98 = {
			isa = PBXGroup;
			children = (
				EAE26DE2277C4D2000886C98 /* Chat */,
				EAE26DE1277C4D2000886C98 /* Products */,
			);
			sourceTree = "<group>";
		};
		EAE26DE1277C4D2000886C98 /* Products */ = {
			isa = PBXGroup;
			children = (
				EAE26DE0277C4D2000886C98 /* Chat.app */,
			);
			name = Products;
			sourceTree = "<group>";
		};
		EAE26DE2277C4D2000886C98 /* Chat */ = {
			isa = PBXGroup;
			children = (
				EA71E752277DA522002D6F6B /* GoogleService-Info.plist */,
				EAE26DFE277C4FB700886C98 /* Resources */,
				EAE26DFD277C4F4E00886C98 /* Models */,
				EAE26DFC277C4F3D00886C98 /* ViewModels */,
				EAE26DFB277C4F2500886C98 /* Views */,
				EAE26DFA277C4F0E00886C98 /* Controllers */,
				EAE26DF4277C4D2100886C98 /* Info.plist */,
				EAE26DEC277C4D2000886C98 /* Chat.xcdatamodeld */,
			);
			path = Chat;
			sourceTree = "<group>";
		};
		EAE26DFA277C4F0E00886C98 /* Controllers */ = {
			isa = PBXGroup;
			children = (
				EAE26DE7277C4D2000886C98 /* ConversationViewController.swift */,
				EAE26E0D277C609600886C98 /* Login */,
				EAE26E05277C521E00886C98 /* PhotoViewerViewController.swift */,
				EAE26E07277C523200886C98 /* VideoPlayerViewController.swift */,
				EAE26E09277C525700886C98 /* NewConversationViewController.swift */,
				EAE26E0B277C526E00886C98 /* ProfileViewController.swift */,
			);
			path = Controllers;
			sourceTree = "<group>";
		};
		EAE26DFB277C4F2500886C98 /* Views */ = {
			isa = PBXGroup;
			children = (
				EAE26DFF277C4FF300886C98 /* Storyboard */,
				EAE26DEF277C4D2100886C98 /* Assets.xcassets */,
			);
			path = Views;
			sourceTree = "<group>";
		};
		EAE26DFC277C4F3D00886C98 /* ViewModels */ = {
			isa = PBXGroup;
			children = (
			);
			path = ViewModels;
			sourceTree = "<group>";
		};
		EAE26DFD277C4F4E00886C98 /* Models */ = {
			isa = PBXGroup;
			children = (
			);
			path = Models;
			sourceTree = "<group>";
		};
		EAE26DFE277C4FB700886C98 /* Resources */ = {
			isa = PBXGroup;
			children = (
				EAE26DE3277C4D2000886C98 /* AppDelegate.swift */,
				EAE26DE5277C4D2000886C98 /* SceneDelegate.swift */,
				EAE26E0E277C66CB00886C98 /* Extentions.swift */,
				EAA6F294277DE86100AA8156 /* DatabaseManager.swift */,
			);
			path = Resources;
			sourceTree = "<group>";
		};
		EAE26DFF277C4FF300886C98 /* Storyboard */ = {
			isa = PBXGroup;
			children = (
				EAE26DE9277C4D2000886C98 /* Main.storyboard */,
				EAE26DF1277C4D2100886C98 /* LaunchScreen.storyboard */,
			);
			path = Storyboard;
			sourceTree = "<group>";
		};
		EAE26E0D277C609600886C98 /* Login */ = {
			isa = PBXGroup;
			children = (
				EAE26E01277C51F400886C98 /* LoginViewController.swift */,
				EAE26E03277C51FF00886C98 /* RegisterViewController.swift */,
			);
			path = Login;
			sourceTree = "<group>";
		};
/* End PBXGroup section */

/* Begin PBXNativeTarget section */
		EAE26DDF277C4D2000886C98 /* Chat */ = {
			isa = PBXNativeTarget;
			buildConfigurationList = EAE26DF7277C4D2100886C98 /* Build configuration list for PBXNativeTarget "Chat" */;
			buildPhases = (
				EAE26DDC277C4D2000886C98 /* Sources */,
				EAE26DDD277C4D2000886C98 /* Frameworks */,
				EAE26DDE277C4D2000886C98 /* Resources */,
			);
			buildRules = (
			);
			dependencies = (
			);
			name = Chat;
			packageProductDependencies = (
				EA71E748277DA2C9002D6F6B /* FirebaseAnalytics */,
				EA71E74A277DA2C9002D6F6B /* FirebaseAuth */,
				EA71E74C277DA2C9002D6F6B /* FirebaseDatabase */,
				EA71E74E277DA2C9002D6F6B /* FirebaseFirestore */,
				EA71E750277DA2C9002D6F6B /* FirebaseStorage */,
			);
			productName = Chat;
			productReference = EAE26DE0277C4D2000886C98 /* Chat.app */;
			productType = "com.apple.product-type.application";
		};
/* End PBXNativeTarget section */

/* Begin PBXProject section */
		EAE26DD8277C4D2000886C98 /* Project object */ = {
			isa = PBXProject;
			attributes = {
				BuildIndependentTargetsInParallel = 1;
				LastSwiftUpdateCheck = 1320;
				LastUpgradeCheck = 1320;
				TargetAttributes = {
					EAE26DDF277C4D2000886C98 = {
						CreatedOnToolsVersion = 13.2.1;
					};
				};
			};
			buildConfigurationList = EAE26DDB277C4D2000886C98 /* Build configuration list for PBXProject "Chat" */;
			compatibilityVersion = "Xcode 13.0";
			developmentRegion = en;
			hasScannedForEncodings = 0;
			knownRegions = (
				en,
				Base,
			);
			mainGroup = EAE26DD7277C4D2000886C98;
			packageReferences = (
				EA71E747277DA2C9002D6F6B /* XCRemoteSwiftPackageReference "firebase-ios-sdk" */,
			);
			productRefGroup = EAE26DE1277C4D2000886C98 /* Products */;
			projectDirPath = "";
			projectRoot = "";
			targets = (
				EAE26DDF277C4D2000886C98 /* Chat */,
			);
		};
/* End PBXProject section */

/* Begin PBXResourcesBuildPhase section */
		EAE26DDE277C4D2000886C98 /* Resources */ = {
			isa = PBXResourcesBuildPhase;
			buildActionMask = 2147483647;
			files = (
				EAE26DF3277C4D2100886C98 /* LaunchScreen.storyboard in Resources */,
				EA71E753277DA522002D6F6B /* GoogleService-Info.plist in Resources */,
				EAE26DF0277C4D2100886C98 /* Assets.xcassets in Resources */,
				EAE26DEB277C4D2000886C98 /* Main.storyboard in Resources */,
			);
			runOnlyForDeploymentPostprocessing = 0;
		};
/* End PBXResourcesBuildPhase section */

/* Begin PBXSourcesBuildPhase section */
		EAE26DDC277C4D2000886C98 /* Sources */ = {
			isa = PBXSourcesBuildPhase;
			buildActionMask = 2147483647;
			files = (
				EAE26DE8277C4D2000886C98 /* ConversationViewController.swift in Sources */,
				EAE26DEE277C4D2000886C98 /* Chat.xcdatamodeld in Sources */,
				EAE26E0C277C526E00886C98 /* ProfileViewController.swift in Sources */,
				EAE26E0F277C66CB00886C98 /* Extentions.swift in Sources */,
				EAE26DE4277C4D2000886C98 /* AppDelegate.swift in Sources */,
				EAE26E06277C521E00886C98 /* PhotoViewerViewController.swift in Sources */,
				EAE26E04277C51FF00886C98 /* RegisterViewController.swift in Sources */,
				EAE26E08277C523200886C98 /* VideoPlayerViewController.swift in Sources */,
				EAA6F295277DE86100AA8156 /* DatabaseManager.swift in Sources */,
				EAE26E0A277C525700886C98 /* NewConversationViewController.swift in Sources */,
				EAE26E02277C51F400886C98 /* LoginViewController.swift in Sources */,
				EAE26DE6277C4D2000886C98 /* SceneDelegate.swift in Sources */,
			);
			runOnlyForDeploymentPostprocessing = 0;
		};
/* End PBXSourcesBuildPhase section */

/* Begin PBXVariantGroup section */
		EAE26DE9277C4D2000886C98 /* Main.storyboard */ = {
			isa = PBXVariantGroup;
			children = (
				EAE26DEA277C4D2000886C98 /* Base */,
			);
			name = Main.storyboard;
			sourceTree = "<group>";
		};
		EAE26DF1277C4D2100886C98 /* LaunchScreen.storyboard */ = {
			isa = PBXVariantGroup;
			children = (
				EAE26DF2277C4D2100886C98 /* Base */,
			);
			name = LaunchScreen.storyboard;
			sourceTree = "<group>";
		};
/* End PBXVariantGroup section */

/* Begin XCBuildConfiguration section */
		EAE26DF5277C4D2100886C98 /* Debug */ = {
			isa = XCBuildConfiguration;
			buildSettings = {
				ALWAYS_SEARCH_USER_PATHS = NO;
				CLANG_ANALYZER_NONNULL = YES;
				CLANG_ANALYZER_NUMBER_OBJECT_CONVERSION = YES_AGGRESSIVE;
				CLANG_CXX_LANGUAGE_STANDARD = "gnu++17";
				CLANG_CXX_LIBRARY = "libc++";
				CLANG_ENABLE_MODULES = YES;
				CLANG_ENABLE_OBJC_ARC = YES;
				CLANG_ENABLE_OBJC_WEAK = YES;
				CLANG_WARN_BLOCK_CAPTURE_AUTORELEASING = YES;
				CLANG_WARN_BOOL_CONVERSION = YES;
				CLANG_WARN_COMMA = YES;
				CLANG_WARN_CONSTANT_CONVERSION = YES;
				CLANG_WARN_DEPRECATED_OBJC_IMPLEMENTATIONS = YES;
				CLANG_WARN_DIRECT_OBJC_ISA_USAGE = YES_ERROR;
				CLANG_WARN_DOCUMENTATION_COMMENTS = YES;
				CLANG_WARN_EMPTY_BODY = YES;
				CLANG_WARN_ENUM_CONVERSION = YES;
				CLANG_WARN_INFINITE_RECURSION = YES;
				CLANG_WARN_INT_CONVERSION = YES;
				CLANG_WARN_NON_LITERAL_NULL_CONVERSION = YES;
				CLANG_WARN_OBJC_IMPLICIT_RETAIN_SELF = YES;
				CLANG_WARN_OBJC_LITERAL_CONVERSION = YES;
				CLANG_WARN_OBJC_ROOT_CLASS = YES_ERROR;
				CLANG_WARN_QUOTED_INCLUDE_IN_FRAMEWORK_HEADER = YES;
				CLANG_WARN_RANGE_LOOP_ANALYSIS = YES;
				CLANG_WARN_STRICT_PROTOTYPES = YES;
				CLANG_WARN_SUSPICIOUS_MOVE = YES;
				CLANG_WARN_UNGUARDED_AVAILABILITY = YES_AGGRESSIVE;
				CLANG_WARN_UNREACHABLE_CODE = YES;
				CLANG_WARN__DUPLICATE_METHOD_MATCH = YES;
				COPY_PHASE_STRIP = NO;
				DEBUG_INFORMATION_FORMAT = dwarf;
				ENABLE_STRICT_OBJC_MSGSEND = YES;
				ENABLE_TESTABILITY = YES;
				GCC_C_LANGUAGE_STANDARD = gnu11;
				GCC_DYNAMIC_NO_PIC = NO;
				GCC_NO_COMMON_BLOCKS = YES;
				GCC_OPTIMIZATION_LEVEL = 0;
				GCC_PREPROCESSOR_DEFINITIONS = (
					"DEBUG=1",
					"$(inherited)",
				);
				GCC_WARN_64_TO_32_BIT_CONVERSION = YES;
				GCC_WARN_ABOUT_RETURN_TYPE = YES_ERROR;
				GCC_WARN_UNDECLARED_SELECTOR = YES;
				GCC_WARN_UNINITIALIZED_AUTOS = YES_AGGRESSIVE;
				GCC_WARN_UNUSED_FUNCTION = YES;
				GCC_WARN_UNUSED_VARIABLE = YES;
				IPHONEOS_DEPLOYMENT_TARGET = 15.2;
				MTL_ENABLE_DEBUG_INFO = INCLUDE_SOURCE;
				MTL_FAST_MATH = YES;
				ONLY_ACTIVE_ARCH = YES;
				SDKROOT = iphoneos;
				SWIFT_ACTIVE_COMPILATION_CONDITIONS = DEBUG;
				SWIFT_OPTIMIZATION_LEVEL = "-Onone";
			};
			name = Debug;
		};
		EAE26DF6277C4D2100886C98 /* Release */ = {
			isa = XCBuildConfiguration;
			buildSettings = {
				ALWAYS_SEARCH_USER_PATHS = NO;
				CLANG_ANALYZER_NONNULL = YES;
				CLANG_ANALYZER_NUMBER_OBJECT_CONVERSION = YES_AGGRESSIVE;
				CLANG_CXX_LANGUAGE_STANDARD = "gnu++17";
				CLANG_CXX_LIBRARY = "libc++";
				CLANG_ENABLE_MODULES = YES;
				CLANG_ENABLE_OBJC_ARC = YES;
				CLANG_ENABLE_OBJC_WEAK = YES;
				CLANG_WARN_BLOCK_CAPTURE_AUTORELEASING = YES;
				CLANG_WARN_BOOL_CONVERSION = YES;
				CLANG_WARN_COMMA = YES;
				CLANG_WARN_CONSTANT_CONVERSION = YES;
				CLANG_WARN_DEPRECATED_OBJC_IMPLEMENTATIONS = YES;
				CLANG_WARN_DIRECT_OBJC_ISA_USAGE = YES_ERROR;
				CLANG_WARN_DOCUMENTATION_COMMENTS = YES;
				CLANG_WARN_EMPTY_BODY = YES;
				CLANG_WARN_ENUM_CONVERSION = YES;
				CLANG_WARN_INFINITE_RECURSION = YES;
				CLANG_WARN_INT_CONVERSION = YES;
				CLANG_WARN_NON_LITERAL_NULL_CONVERSION = YES;
				CLANG_WARN_OBJC_IMPLICIT_RETAIN_SELF = YES;
				CLANG_WARN_OBJC_LITERAL_CONVERSION = YES;
				CLANG_WARN_OBJC_ROOT_CLASS = YES_ERROR;
				CLANG_WARN_QUOTED_INCLUDE_IN_FRAMEWORK_HEADER = YES;
				CLANG_WARN_RANGE_LOOP_ANALYSIS = YES;
				CLANG_WARN_STRICT_PROTOTYPES = YES;
				CLANG_WARN_SUSPICIOUS_MOVE = YES;
				CLANG_WARN_UNGUARDED_AVAILABILITY = YES_AGGRESSIVE;
				CLANG_WARN_UNREACHABLE_CODE = YES;
				CLANG_WARN__DUPLICATE_METHOD_MATCH = YES;
				COPY_PHASE_STRIP = NO;
				DEBUG_INFORMATION_FORMAT = "dwarf-with-dsym";
				ENABLE_NS_ASSERTIONS = NO;
				ENABLE_STRICT_OBJC_MSGSEND = YES;
				GCC_C_LANGUAGE_STANDARD = gnu11;
				GCC_NO_COMMON_BLOCKS = YES;
				GCC_WARN_64_TO_32_BIT_CONVERSION = YES;
				GCC_WARN_ABOUT_RETURN_TYPE = YES_ERROR;
				GCC_WARN_UNDECLARED_SELECTOR = YES;
				GCC_WARN_UNINITIALIZED_AUTOS = YES_AGGRESSIVE;
				GCC_WARN_UNUSED_FUNCTION = YES;
				GCC_WARN_UNUSED_VARIABLE = YES;
				IPHONEOS_DEPLOYMENT_TARGET = 15.2;
				MTL_ENABLE_DEBUG_INFO = NO;
				MTL_FAST_MATH = YES;
				SDKROOT = iphoneos;
				SWIFT_COMPILATION_MODE = wholemodule;
				SWIFT_OPTIMIZATION_LEVEL = "-O";
				VALIDATE_PRODUCT = YES;
			};
			name = Release;
		};
		EAE26DF8277C4D2100886C98 /* Debug */ = {
			isa = XCBuildConfiguration;
			buildSettings = {
				ASSETCATALOG_COMPILER_APPICON_NAME = AppIcon;
				ASSETCATALOG_COMPILER_GLOBAL_ACCENT_COLOR_NAME = AccentColor;
				CODE_SIGN_STYLE = Automatic;
				CURRENT_PROJECT_VERSION = 1;
				DEVELOPMENT_TEAM = 2TZT5V4NM7;
				GENERATE_INFOPLIST_FILE = YES;
				INFOPLIST_FILE = Chat/Info.plist;
				INFOPLIST_KEY_UIApplicationSupportsIndirectInputEvents = YES;
				INFOPLIST_KEY_UILaunchStoryboardName = LaunchScreen;
				INFOPLIST_KEY_UIMainStoryboardFile = Main;
				INFOPLIST_KEY_UISupportedInterfaceOrientations = UIInterfaceOrientationPortrait;
				INFOPLIST_KEY_UISupportedInterfaceOrientations_iPad = "UIInterfaceOrientationPortrait UIInterfaceOrientationPortraitUpsideDown UIInterfaceOrientationLandscapeLeft UIInterfaceOrientationLandscapeRight";
				INFOPLIST_KEY_UISupportedInterfaceOrientations_iPhone = "UIInterfaceOrientationPortrait UIInterfaceOrientationLandscapeLeft UIInterfaceOrientationLandscapeRight";
				IPHONEOS_DEPLOYMENT_TARGET = 13.5;
				LD_RUNPATH_SEARCH_PATHS = (
					"$(inherited)",
					"@executable_path/Frameworks",
				);
				MARKETING_VERSION = 1.0;
				PRODUCT_BUNDLE_IDENTIFIER = com.stranskymarek.Chat;
				PRODUCT_NAME = "$(TARGET_NAME)";
				SWIFT_EMIT_LOC_STRINGS = YES;
				SWIFT_VERSION = 5.0;
				TARGETED_DEVICE_FAMILY = "1,2";
			};
			name = Debug;
		};
		EAE26DF9277C4D2100886C98 /* Release */ = {
			isa = XCBuildConfiguration;
			buildSettings = {
				ASSETCATALOG_COMPILER_APPICON_NAME = AppIcon;
				ASSETCATALOG_COMPILER_GLOBAL_ACCENT_COLOR_NAME = AccentColor;
				CODE_SIGN_STYLE = Automatic;
				CURRENT_PROJECT_VERSION = 1;
				DEVELOPMENT_TEAM = 2TZT5V4NM7;
				GENERATE_INFOPLIST_FILE = YES;
				INFOPLIST_FILE = Chat/Info.plist;
				INFOPLIST_KEY_UIApplicationSupportsIndirectInputEvents = YES;
				INFOPLIST_KEY_UILaunchStoryboardName = LaunchScreen;
				INFOPLIST_KEY_UIMainStoryboardFile = Main;
				INFOPLIST_KEY_UISupportedInterfaceOrientations = UIInterfaceOrientationPortrait;
				INFOPLIST_KEY_UISupportedInterfaceOrientations_iPad = "UIInterfaceOrientationPortrait UIInterfaceOrientationPortraitUpsideDown UIInterfaceOrientationLandscapeLeft UIInterfaceOrientationLandscapeRight";
				INFOPLIST_KEY_UISupportedInterfaceOrientations_iPhone = "UIInterfaceOrientationPortrait UIInterfaceOrientationLandscapeLeft UIInterfaceOrientationLandscapeRight";
				IPHONEOS_DEPLOYMENT_TARGET = 13.5;
				LD_RUNPATH_SEARCH_PATHS = (
					"$(inherited)",
					"@executable_path/Frameworks",
				);
				MARKETING_VERSION = 1.0;
				PRODUCT_BUNDLE_IDENTIFIER = com.stranskymarek.Chat;
				PRODUCT_NAME = "$(TARGET_NAME)";
				SWIFT_EMIT_LOC_STRINGS = YES;
				SWIFT_VERSION = 5.0;
				TARGETED_DEVICE_FAMILY = "1,2";
			};
			name = Release;
		};
/* End XCBuildConfiguration section */

/* Begin XCConfigurationList section */
		EAE26DDB277C4D2000886C98 /* Build configuration list for PBXProject "Chat" */ = {
			isa = XCConfigurationList;
			buildConfigurations = (
				EAE26DF5277C4D2100886C98 /* Debug */,
				EAE26DF6277C4D2100886C98 /* Release */,
			);
			defaultConfigurationIsVisible = 0;
			defaultConfigurationName = Release;
		};
		EAE26DF7277C4D2100886C98 /* Build configuration list for PBXNativeTarget "Chat" */ = {
			isa = XCConfigurationList;
			buildConfigurations = (
				EAE26DF8277C4D2100886C98 /* Debug */,
				EAE26DF9277C4D2100886C98 /* Release */,
			);
			defaultConfigurationIsVisible = 0;
			defaultConfigurationName = Release;
		};
/* End XCConfigurationList section */

/* Begin XCRemoteSwiftPackageReference section */
		EA71E747277DA2C9002D6F6B /* XCRemoteSwiftPackageReference "firebase-ios-sdk" */ = {
			isa = XCRemoteSwiftPackageReference;
			repositoryURL = "https://github.com/firebase/firebase-ios-sdk.git";
			requirement = {
				kind = upToNextMajorVersion;
				minimumVersion = 8.0.0;
			};
		};
/* End XCRemoteSwiftPackageReference section */

/* Begin XCSwiftPackageProductDependency section */
		EA71E748277DA2C9002D6F6B /* FirebaseAnalytics */ = {
			isa = XCSwiftPackageProductDependency;
			package = EA71E747277DA2C9002D6F6B /* XCRemoteSwiftPackageReference "firebase-ios-sdk" */;
			productName = FirebaseAnalytics;
		};
		EA71E74A277DA2C9002D6F6B /* FirebaseAuth */ = {
			isa = XCSwiftPackageProductDependency;
			package = EA71E747277DA2C9002D6F6B /* XCRemoteSwiftPackageReference "firebase-ios-sdk" */;
			productName = FirebaseAuth;
		};
		EA71E74C277DA2C9002D6F6B /* FirebaseDatabase */ = {
			isa = XCSwiftPackageProductDependency;
			package = EA71E747277DA2C9002D6F6B /* XCRemoteSwiftPackageReference "firebase-ios-sdk" */;
			productName = FirebaseDatabase;
		};
		EA71E74E277DA2C9002D6F6B /* FirebaseFirestore */ = {
			isa = XCSwiftPackageProductDependency;
			package = EA71E747277DA2C9002D6F6B /* XCRemoteSwiftPackageReference "firebase-ios-sdk" */;
			productName = FirebaseFirestore;
		};
		EA71E750277DA2C9002D6F6B /* FirebaseStorage */ = {
			isa = XCSwiftPackageProductDependency;
			package = EA71E747277DA2C9002D6F6B /* XCRemoteSwiftPackageReference "firebase-ios-sdk" */;
			productName = FirebaseStorage;
		};
/* End XCSwiftPackageProductDependency section */

/* Begin XCVersionGroup section */
		EAE26DEC277C4D2000886C98 /* Chat.xcdatamodeld */ = {
			isa = XCVersionGroup;
			children = (
				EAE26DED277C4D2000886C98 /* Chat.xcdatamodel */,
			);
			currentVersion = EAE26DED277C4D2000886C98 /* Chat.xcdatamodel */;
			path = Chat.xcdatamodeld;
			sourceTree = "<group>";
			versionGroupType = wrapper.xcdatamodel;
		};
/* End XCVersionGroup section */
	};
	rootObject = EAE26DD8277C4D2000886C98 /* Project object */;
}
